
Microsoft Visual Studio Solution File, Format Version 12.00
# Visual Studio Version 17
VisualStudioVersion = 17.7.34009.444
MinimumVisualStudioVersion = 10.0.40219.1
Project("{FAE04EC0-301F-11D3-BF4B-00C04F79EFBC}") = "WpfApp4", "WpfApp4\WpfApp4.csproj", "{5C817011-ED8E-4809-B494-7CD168ACAE19}"
EndProject
Global
	GlobalSection(SolutionConfigurationPlatforms) = preSolution
		Debug|Any CPU = Debug|Any CPU
		Release|Any CPU = Release|Any CPU
	EndGlobalSection
	GlobalSection(ProjectConfigurationPlatforms) = postSolution
		{5C817011-ED8E-4809-B494-7CD168ACAE19}.Debug|Any CPU.ActiveCfg = Debug|Any CPU
		{5C817011-ED8E-4809-B494-7CD168ACAE19}.Debug|Any CPU.Build.0 = Debug|Any CPU
		{5C817011-ED8E-4809-B494-7CD168ACAE19}.Release|Any CPU.ActiveCfg = Release|Any CPU
		{5C817011-ED8E-4809-B494-7CD168ACAE19}.Release|Any CPU.Build.0 = Release|Any CPU
	EndGlobalSection
	GlobalSection(SolutionProperties) = preSolution
		HideSolutionNode = FALSE
	EndGlobalSection
	GlobalSection(ExtensibilityGlobals) = postSolution
		SolutionGuid = {54D1C736-4E65-45A6-B263-F2E5DFD8CB65}
	EndGlobalSection
EndGlobal
